// !$*UTF8*$!
{
	archiveVersion = 1;
	classes = {
	};
	objectVersion = 56;
	objects = {

/* Begin PBXBuildFile section */
		9C6716982BAC78A800953004 /* AppDelegate.swift in Sources */ = {isa = PBXBuildFile; fileRef = 9C6716972BAC78A800953004 /* AppDelegate.swift */; };
		9C67169A2BAC78A800953004 /* SceneDelegate.swift in Sources */ = {isa = PBXBuildFile; fileRef = 9C6716992BAC78A800953004 /* SceneDelegate.swift */; };
		9C67169C2BAC78A800953004 /* ViewController.swift in Sources */ = {isa = PBXBuildFile; fileRef = 9C67169B2BAC78A800953004 /* ViewController.swift */; };
		9C6716A12BAC78A900953004 /* Assets.xcassets in Resources */ = {isa = PBXBuildFile; fileRef = 9C6716A02BAC78A900953004 /* Assets.xcassets */; };
		9C6716A42BAC78A900953004 /* LaunchScreen.storyboard in Resources */ = {isa = PBXBuildFile; fileRef = 9C6716A22BAC78A900953004 /* LaunchScreen.storyboard */; };
		9C6716C92BAE550600953004 /* ViewControllerTests.swift in Sources */ = {isa = PBXBuildFile; fileRef = 9C6716C82BAE550600953004 /* ViewControllerTests.swift */; };
		9CD4EF5F2BB483950037D0D9 /* API.swift in Sources */ = {isa = PBXBuildFile; fileRef = 9CD4EF5E2BB483950037D0D9 /* API.swift */; };
/* End PBXBuildFile section */

/* Begin PBXContainerItemProxy section */
		9C6716AB2BAC78A900953004 /* PBXContainerItemProxy */ = {
			isa = PBXContainerItemProxy;
			containerPortal = 9C67168C2BAC78A700953004 /* Project object */;
			proxyType = 1;
			remoteGlobalIDString = 9C6716932BAC78A800953004;
			remoteInfo = Seam;
		};
/* End PBXContainerItemProxy section */

/* Begin PBXFileReference section */
		9C6716942BAC78A800953004 /* Seam.app */ = {isa = PBXFileReference; explicitFileType = wrapper.application; includeInIndex = 0; path = Seam.app; sourceTree = BUILT_PRODUCTS_DIR; };
		9C6716972BAC78A800953004 /* AppDelegate.swift */ = {isa = PBXFileReference; lastKnownFileType = sourcecode.swift; path = AppDelegate.swift; sourceTree = "<group>"; };
		9C6716992BAC78A800953004 /* SceneDelegate.swift */ = {isa = PBXFileReference; lastKnownFileType = sourcecode.swift; path = SceneDelegate.swift; sourceTree = "<group>"; };
		9C67169B2BAC78A800953004 /* ViewController.swift */ = {isa = PBXFileReference; lastKnownFileType = sourcecode.swift; path = ViewController.swift; sourceTree = "<group>"; };
		9C6716A02BAC78A900953004 /* Assets.xcassets */ = {isa = PBXFileReference; lastKnownFileType = folder.assetcatalog; path = Assets.xcassets; sourceTree = "<group>"; };
		9C6716A32BAC78A900953004 /* Base */ = {isa = PBXFileReference; lastKnownFileType = file.storyboard; name = Base; path = Base.lproj/LaunchScreen.storyboard; sourceTree = "<group>"; };
		9C6716A52BAC78A900953004 /* Info.plist */ = {isa = PBXFileReference; lastKnownFileType = text.plist.xml; path = Info.plist; sourceTree = "<group>"; };
		9C6716AA2BAC78A900953004 /* SeamTests.xctest */ = {isa = PBXFileReference; explicitFileType = wrapper.cfbundle; includeInIndex = 0; path = SeamTests.xctest; sourceTree = BUILT_PRODUCTS_DIR; };
		9C6716C72BAC7A4500953004 /* SeamTests.xctestplan */ = {isa = PBXFileReference; lastKnownFileType = text; path = SeamTests.xctestplan; sourceTree = "<group>"; };
		9C6716C82BAE550600953004 /* ViewControllerTests.swift */ = {isa = PBXFileReference; lastKnownFileType = sourcecode.swift; path = ViewControllerTests.swift; sourceTree = "<group>"; };
		9CD4EF5E2BB483950037D0D9 /* API.swift */ = {isa = PBXFileReference; lastKnownFileType = sourcecode.swift; path = API.swift; sourceTree = "<group>"; };
/* End PBXFileReference section */

/* Begin PBXFrameworksBuildPhase section */
		9C6716912BAC78A800953004 /* Frameworks */ = {
			isa = PBXFrameworksBuildPhase;
			buildActionMask = 2147483647;
			files = (
			);
			runOnlyForDeploymentPostprocessing = 0;
		};
		9C6716A72BAC78A900953004 /* Frameworks */ = {
			isa = PBXFrameworksBuildPhase;
			buildActionMask = 2147483647;
			files = (
			);
			runOnlyForDeploymentPostprocessing = 0;
		};
/* End PBXFrameworksBuildPhase section */

/* Begin PBXGroup section */
		9C67168B2BAC78A700953004 = {
			isa = PBXGroup;
			children = (
				9C6716C72BAC7A4500953004 /* SeamTests.xctestplan */,
				9C6716962BAC78A800953004 /* Seam */,
				9C6716AD2BAC78A900953004 /* SeamTests */,
				9C6716952BAC78A800953004 /* Products */,
			);
			sourceTree = "<group>";
		};
		9C6716952BAC78A800953004 /* Products */ = {
			isa = PBXGroup;
			children = (
				9C6716942BAC78A800953004 /* Seam.app */,
				9C6716AA2BAC78A900953004 /* SeamTests.xctest */,
			);
			name = Products;
			sourceTree = "<group>";
		};
		9C6716962BAC78A800953004 /* Seam */ = {
			isa = PBXGroup;
			children = (
				9C6716972BAC78A800953004 /* AppDelegate.swift */,
				9C6716992BAC78A800953004 /* SceneDelegate.swift */,
				9C67169B2BAC78A800953004 /* ViewController.swift */,
				9CD4EF5E2BB483950037D0D9 /* API.swift */,
				9C6716A02BAC78A900953004 /* Assets.xcassets */,
				9C6716A22BAC78A900953004 /* LaunchScreen.storyboard */,
				9C6716A52BAC78A900953004 /* Info.plist */,
			);
			path = Seam;
			sourceTree = "<group>";
		};
		9C6716AD2BAC78A900953004 /* SeamTests */ = {
			isa = PBXGroup;
			children = (
				9C6716C82BAE550600953004 /* ViewControllerTests.swift */,
			);
			path = SeamTests;
			sourceTree = "<group>";
		};
/* End PBXGroup section */

/* Begin PBXNativeTarget section */
		9C6716932BAC78A800953004 /* Seam */ = {
			isa = PBXNativeTarget;
			buildConfigurationList = 9C6716BE2BAC78A900953004 /* Build configuration list for PBXNativeTarget "Seam" */;
			buildPhases = (
				9C6716902BAC78A800953004 /* Sources */,
				9C6716912BAC78A800953004 /* Frameworks */,
				9C6716922BAC78A800953004 /* Resources */,
			);
			buildRules = (
			);
			dependencies = (
			);
			name = Seam;
			productName = Seam;
			productReference = 9C6716942BAC78A800953004 /* Seam.app */;
			productType = "com.apple.product-type.application";
		};
		9C6716A92BAC78A900953004 /* SeamTests */ = {
			isa = PBXNativeTarget;
			buildConfigurationList = 9C6716C12BAC78A900953004 /* Build configuration list for PBXNativeTarget "SeamTests" */;
			buildPhases = (
				9C6716A62BAC78A900953004 /* Sources */,
				9C6716A72BAC78A900953004 /* Frameworks */,
				9C6716A82BAC78A900953004 /* Resources */,
			);
			buildRules = (
			);
			dependencies = (
				9C6716AC2BAC78A900953004 /* PBXTargetDependency */,
			);
			name = SeamTests;
			productName = SeamTests;
			productReference = 9C6716AA2BAC78A900953004 /* SeamTests.xctest */;
			productType = "com.apple.product-type.bundle.unit-test";
		};
/* End PBXNativeTarget section */

/* Begin PBXProject section */
		9C67168C2BAC78A700953004 /* Project object */ = {
			isa = PBXProject;
			attributes = {
				BuildIndependentTargetsInParallel = 1;
				LastSwiftUpdateCheck = 1520;
				LastUpgradeCheck = 1520;
				TargetAttributes = {
					9C6716932BAC78A800953004 = {
						CreatedOnToolsVersion = 15.2;
					};
					9C6716A92BAC78A900953004 = {
						CreatedOnToolsVersion = 15.2;
						LastSwiftMigration = 1520;
						TestTargetID = 9C6716932BAC78A800953004;
					};
				};
			};
			buildConfigurationList = 9C67168F2BAC78A700953004 /* Build configuration list for PBXProject "Seam" */;
			compatibilityVersion = "Xcode 14.0";
			developmentRegion = en;
			hasScannedForEncodings = 0;
			knownRegions = (
				en,
				Base,
			);
			mainGroup = 9C67168B2BAC78A700953004;
			productRefGroup = 9C6716952BAC78A800953004 /* Products */;
			projectDirPath = "";
			projectRoot = "";
			targets = (
				9C6716932BAC78A800953004 /* Seam */,
				9C6716A92BAC78A900953004 /* SeamTests */,
			);
		};
/* End PBXProject section */

/* Begin PBXResourcesBuildPhase section */
		9C6716922BAC78A800953004 /* Resources */ = {
			isa = PBXResourcesBuildPhase;
			buildActionMask = 2147483647;
			files = (
				9C6716A42BAC78A900953004 /* LaunchScreen.storyboard in Resources */,
				9C6716A12BAC78A900953004 /* Assets.xcassets in Resources */,
			);
			runOnlyForDeploymentPostprocessing = 0;
		};
		9C6716A82BAC78A900953004 /* Resources */ = {
			isa = PBXResourcesBuildPhase;
			buildActionMask = 2147483647;
			files = (
			);
			runOnlyForDeploymentPostprocessing = 0;
		};
/* End PBXResourcesBuildPhase section */

/* Begin PBXSourcesBuildPhase section */
		9C6716902BAC78A800953004 /* Sources */ = {
			isa = PBXSourcesBuildPhase;
			buildActionMask = 2147483647;
			files = (
				9C67169C2BAC78A800953004 /* ViewController.swift in Sources */,
				9C6716982BAC78A800953004 /* AppDelegate.swift in Sources */,
				9CD4EF5F2BB483950037D0D9 /* API.swift in Sources */,
				9C67169A2BAC78A800953004 /* SceneDelegate.swift in Sources */,
			);
			runOnlyForDeploymentPostprocessing = 0;
		};
		9C6716A62BAC78A900953004 /* Sources */ = {
			isa = PBXSourcesBuildPhase;
			buildActionMask = 2147483647;
			files = (
				9C6716C92BAE550600953004 /* ViewControllerTests.swift in Sources */,
			);
			runOnlyForDeploymentPostprocessing = 0;
		};
/* End PBXSourcesBuildPhase section */

/* Begin PBXTargetDependency section */
		9C6716AC2BAC78A900953004 /* PBXTargetDependency */ = {
			isa = PBXTargetDependency;
			target = 9C6716932BAC78A800953004 /* Seam */;
			targetProxy = 9C6716AB2BAC78A900953004 /* PBXContainerItemProxy */;
		};
/* End PBXTargetDependency section */

/* Begin PBXVariantGroup section */
		9C6716A22BAC78A900953004 /* LaunchScreen.storyboard */ = {
			isa = PBXVariantGroup;
			children = (
				9C6716A32BAC78A900953004 /* Base */,
			);
			name = LaunchScreen.storyboard;
			sourceTree = "<group>";
		};
/* End PBXVariantGroup section */

/* Begin XCBuildConfiguration section */
		9C6716BC2BAC78A900953004 /* Debug */ = {
			isa = XCBuildConfiguration;
			buildSettings = {
				ALWAYS_SEARCH_USER_PATHS = NO;
				ASSETCATALOG_COMPILER_GENERATE_SWIFT_ASSET_SYMBOL_EXTENSIONS = YES;
				CLANG_ANALYZER_NONNULL = YES;
				CLANG_ANALYZER_NUMBER_OBJECT_CONVERSION = YES_AGGRESSIVE;
				CLANG_CXX_LANGUAGE_STANDARD = "gnu++20";
				CLANG_ENABLE_MODULES = YES;
				CLANG_ENABLE_OBJC_ARC = YES;
				CLANG_ENABLE_OBJC_WEAK = YES;
				CLANG_WARN_BLOCK_CAPTURE_AUTORELEASING = YES;
				CLANG_WARN_BOOL_CONVERSION = YES;
				CLANG_WARN_COMMA = YES;
				CLANG_WARN_CONSTANT_CONVERSION = YES;
				CLANG_WARN_DEPRECATED_OBJC_IMPLEMENTATIONS = YES;
				CLANG_WARN_DIRECT_OBJC_ISA_USAGE = YES_ERROR;
				CLANG_WARN_DOCUMENTATION_COMMENTS = YES;
				CLANG_WARN_EMPTY_BODY = YES;
				CLANG_WARN_ENUM_CONVERSION = YES;
				CLANG_WARN_INFINITE_RECURSION = YES;
				CLANG_WARN_INT_CONVERSION = YES;
				CLANG_WARN_NON_LITERAL_NULL_CONVERSION = YES;
				CLANG_WARN_OBJC_IMPLICIT_RETAIN_SELF = YES;
				CLANG_WARN_OBJC_LITERAL_CONVERSION = YES;
				CLANG_WARN_OBJC_ROOT_CLASS = YES_ERROR;
				CLANG_WARN_QUOTED_INCLUDE_IN_FRAMEWORK_HEADER = YES;
				CLANG_WARN_RANGE_LOOP_ANALYSIS = YES;
				CLANG_WARN_STRICT_PROTOTYPES = YES;
				CLANG_WARN_SUSPICIOUS_MOVE = YES;
				CLANG_WARN_UNGUARDED_AVAILABILITY = YES_AGGRESSIVE;
				CLANG_WARN_UNREACHABLE_CODE = YES;
				CLANG_WARN__DUPLICATE_METHOD_MATCH = YES;
				COPY_PHASE_STRIP = NO;
				DEBUG_INFORMATION_FORMAT = dwarf;
				ENABLE_STRICT_OBJC_MSGSEND = YES;
				ENABLE_TESTABILITY = YES;
				ENABLE_USER_SCRIPT_SANDBOXING = YES;
				GCC_C_LANGUAGE_STANDARD = gnu17;
				GCC_DYNAMIC_NO_PIC = NO;
				GCC_NO_COMMON_BLOCKS = YES;
				GCC_OPTIMIZATION_LEVEL = 0;
				GCC_PREPROCESSOR_DEFINITIONS = (
					"DEBUG=1",
					"$(inherited)",
				);
				GCC_WARN_64_TO_32_BIT_CONVERSION = YES;
				GCC_WARN_ABOUT_RETURN_TYPE = YES_ERROR;
				GCC_WARN_UNDECLARED_SELECTOR = YES;
				GCC_WARN_UNINITIALIZED_AUTOS = YES_AGGRESSIVE;
				GCC_WARN_UNUSED_FUNCTION = YES;
				GCC_WARN_UNUSED_VARIABLE = YES;
				IPHONEOS_DEPLOYMENT_TARGET = 17.2;
				LOCALIZATION_PREFERS_STRING_CATALOGS = YES;
				MTL_ENABLE_DEBUG_INFO = INCLUDE_SOURCE;
				MTL_FAST_MATH = YES;
				ONLY_ACTIVE_ARCH = YES;
				SDKROOT = iphoneos;
				SWIFT_ACTIVE_COMPILATION_CONDITIONS = "DEBUG $(inherited)";
				SWIFT_OPTIMIZATION_LEVEL = "-Onone";
			};
			name = Debug;
		};
		9C6716BD2BAC78A900953004 /* Release */ = {
			isa = XCBuildConfiguration;
			buildSettings = {
				ALWAYS_SEARCH_USER_PATHS = NO;
				ASSETCATALOG_COMPILER_GENERATE_SWIFT_ASSET_SYMBOL_EXTENSIONS = YES;
				CLANG_ANALYZER_NONNULL = YES;
				CLANG_ANALYZER_NUMBER_OBJECT_CONVERSION = YES_AGGRESSIVE;
				CLANG_CXX_LANGUAGE_STANDARD = "gnu++20";
				CLANG_ENABLE_MODULES = YES;
				CLANG_ENABLE_OBJC_ARC = YES;
				CLANG_ENABLE_OBJC_WEAK = YES;
				CLANG_WARN_BLOCK_CAPTURE_AUTORELEASING = YES;
				CLANG_WARN_BOOL_CONVERSION = YES;
				CLANG_WARN_COMMA = YES;
				CLANG_WARN_CONSTANT_CONVERSION = YES;
				CLANG_WARN_DEPRECATED_OBJC_IMPLEMENTATIONS = YES;
				CLANG_WARN_DIRECT_OBJC_ISA_USAGE = YES_ERROR;
				CLANG_WARN_DOCUMENTATION_COMMENTS = YES;
				CLANG_WARN_EMPTY_BODY = YES;
				CLANG_WARN_ENUM_CONVERSION = YES;
				CLANG_WARN_INFINITE_RECURSION = YES;
				CLANG_WARN_INT_CONVERSION = YES;
				CLANG_WARN_NON_LITERAL_NULL_CONVERSION = YES;
				CLANG_WARN_OBJC_IMPLICIT_RETAIN_SELF = YES;
				CLANG_WARN_OBJC_LITERAL_CONVERSION = YES;
				CLANG_WARN_OBJC_ROOT_CLASS = YES_ERROR;
				CLANG_WARN_QUOTED_INCLUDE_IN_FRAMEWORK_HEADER = YES;
				CLANG_WARN_RANGE_LOOP_ANALYSIS = YES;
				CLANG_WARN_STRICT_PROTOTYPES = YES;
				CLANG_WARN_SUSPICIOUS_MOVE = YES;
				CLANG_WARN_UNGUARDED_AVAILABILITY = YES_AGGRESSIVE;
				CLANG_WARN_UNREACHABLE_CODE = YES;
				CLANG_WARN__DUPLICATE_METHOD_MATCH = YES;
				COPY_PHASE_STRIP = NO;
				DEBUG_INFORMATION_FORMAT = "dwarf-with-dsym";
				ENABLE_NS_ASSERTIONS = NO;
				ENABLE_STRICT_OBJC_MSGSEND = YES;
				ENABLE_USER_SCRIPT_SANDBOXING = YES;
				GCC_C_LANGUAGE_STANDARD = gnu17;
				GCC_NO_COMMON_BLOCKS = YES;
				GCC_WARN_64_TO_32_BIT_CONVERSION = YES;
				GCC_WARN_ABOUT_RETURN_TYPE = YES_ERROR;
				GCC_WARN_UNDECLARED_SELECTOR = YES;
				GCC_WARN_UNINITIALIZED_AUTOS = YES_AGGRESSIVE;
				GCC_WARN_UNUSED_FUNCTION = YES;
				GCC_WARN_UNUSED_VARIABLE = YES;
				IPHONEOS_DEPLOYMENT_TARGET = 17.2;
				LOCALIZATION_PREFERS_STRING_CATALOGS = YES;
				MTL_ENABLE_DEBUG_INFO = NO;
				MTL_FAST_MATH = YES;
				SDKROOT = iphoneos;
				SWIFT_COMPILATION_MODE = wholemodule;
				VALIDATE_PRODUCT = YES;
			};
			name = Release;
		};
		9C6716BF2BAC78A900953004 /* Debug */ = {
			isa = XCBuildConfiguration;
			buildSettings = {
				ASSETCATALOG_COMPILER_APPICON_NAME = AppIcon;
				ASSETCATALOG_COMPILER_GLOBAL_ACCENT_COLOR_NAME = AccentColor;
				CODE_SIGN_STYLE = Automatic;
				CURRENT_PROJECT_VERSION = 1;
				DEVELOPMENT_TEAM = 9LMP86F23V;
				GENERATE_INFOPLIST_FILE = YES;
				INFOPLIST_FILE = Seam/Info.plist;
				INFOPLIST_KEY_UIApplicationSupportsIndirectInputEvents = YES;
				INFOPLIST_KEY_UILaunchStoryboardName = LaunchScreen;
				INFOPLIST_KEY_UISupportedInterfaceOrientations_iPad = "UIInterfaceOrientationPortrait UIInterfaceOrientationPortraitUpsideDown UIInterfaceOrientationLandscapeLeft UIInterfaceOrientationLandscapeRight";
				INFOPLIST_KEY_UISupportedInterfaceOrientations_iPhone = "UIInterfaceOrientationPortrait UIInterfaceOrientationLandscapeLeft UIInterfaceOrientationLandscapeRight";
				LD_RUNPATH_SEARCH_PATHS = (
					"$(inherited)",
					"@executable_path/Frameworks",
				);
				MARKETING_VERSION = 1.0;
				PRODUCT_BUNDLE_IDENTIFIER = com.rickymunz.Seam;
				PRODUCT_NAME = "$(TARGET_NAME)";
				SWIFT_EMIT_LOC_STRINGS = YES;
				SWIFT_VERSION = 5.0;
				TARGETED_DEVICE_FAMILY = "1,2";
			};
			name = Debug;
		};
		9C6716C02BAC78A900953004 /* Release */ = {
			isa = XCBuildConfiguration;
			buildSettings = {
				ASSETCATALOG_COMPILER_APPICON_NAME = AppIcon;
				ASSETCATALOG_COMPILER_GLOBAL_ACCENT_COLOR_NAME = AccentColor;
				CODE_SIGN_STYLE = Automatic;
				CURRENT_PROJECT_VERSION = 1;
				DEVELOPMENT_TEAM = 9LMP86F23V;
				GENERATE_INFOPLIST_FILE = YES;
				INFOPLIST_FILE = Seam/Info.plist;
				INFOPLIST_KEY_UIApplicationSupportsIndirectInputEvents = YES;
				INFOPLIST_KEY_UILaunchStoryboardName = LaunchScreen;
				INFOPLIST_KEY_UISupportedInterfaceOrientations_iPad = "UIInterfaceOrientationPortrait UIInterfaceOrientationPortraitUpsideDown UIInterfaceOrientationLandscapeLeft UIInterfaceOrientationLandscapeRight";
				INFOPLIST_KEY_UISupportedInterfaceOrientations_iPhone = "UIInterfaceOrientationPortrait UIInterfaceOrientationLandscapeLeft UIInterfaceOrientationLandscapeRight";
				LD_RUNPATH_SEARCH_PATHS = (
					"$(inherited)",
					"@executable_path/Frameworks",
				);
				MARKETING_VERSION = 1.0;
				PRODUCT_BUNDLE_IDENTIFIER = com.rickymunz.Seam;
				PRODUCT_NAME = "$(TARGET_NAME)";
				SWIFT_EMIT_LOC_STRINGS = YES;
				SWIFT_VERSION = 5.0;
				TARGETED_DEVICE_FAMILY = "1,2";
			};
			name = Release;
		};
		9C6716C22BAC78A900953004 /* Debug */ = {
			isa = XCBuildConfiguration;
			buildSettings = {
				ALWAYS_EMBED_SWIFT_STANDARD_LIBRARIES = YES;
				BUNDLE_LOADER = "$(TEST_HOST)";
				CLANG_ENABLE_MODULES = YES;
				CODE_SIGN_STYLE = Automatic;
				CURRENT_PROJECT_VERSION = 1;
				DEVELOPMENT_TEAM = 9LMP86F23V;
				GENERATE_INFOPLIST_FILE = YES;
				IPHONEOS_DEPLOYMENT_TARGET = 17.2;
				MARKETING_VERSION = 1.0;
				PRODUCT_BUNDLE_IDENTIFIER = com.rickymunz.SeamTests;
				PRODUCT_NAME = "$(TARGET_NAME)";
				SWIFT_EMIT_LOC_STRINGS = NO;
				SWIFT_OPTIMIZATION_LEVEL = "-Onone";
				SWIFT_VERSION = 5.0;
				TARGETED_DEVICE_FAMILY = "1,2";
				TEST_HOST = "$(BUILT_PRODUCTS_DIR)/Seam.app/$(BUNDLE_EXECUTABLE_FOLDER_PATH)/Seam";
			};
			name = Debug;
		};
		9C6716C32BAC78A900953004 /* Release */ = {
			isa = XCBuildConfiguration;
			buildSettings = {
				ALWAYS_EMBED_SWIFT_STANDARD_LIBRARIES = YES;
				BUNDLE_LOADER = "$(TEST_HOST)";
				CLANG_ENABLE_MODULES = YES;
				CODE_SIGN_STYLE = Automatic;
				CURRENT_PROJECT_VERSION = 1;
				DEVELOPMENT_TEAM = 9LMP86F23V;
				GENERATE_INFOPLIST_FILE = YES;
				IPHONEOS_DEPLOYMENT_TARGET = 17.2;
				MARKETING_VERSION = 1.0;
				PRODUCT_BUNDLE_IDENTIFIER = com.rickymunz.SeamTests;
				PRODUCT_NAME = "$(TARGET_NAME)";
				SWIFT_EMIT_LOC_STRINGS = NO;
				SWIFT_VERSION = 5.0;
				TARGETED_DEVICE_FAMILY = "1,2";
				TEST_HOST = "$(BUILT_PRODUCTS_DIR)/Seam.app/$(BUNDLE_EXECUTABLE_FOLDER_PATH)/Seam";
			};
			name = Release;
		};
/* End XCBuildConfiguration section */

/* Begin XCConfigurationList section */
		9C67168F2BAC78A700953004 /* Build configuration list for PBXProject "Seam" */ = {
			isa = XCConfigurationList;
			buildConfigurations = (
				9C6716BC2BAC78A900953004 /* Debug */,
				9C6716BD2BAC78A900953004 /* Release */,
			);
			defaultConfigurationIsVisible = 0;
			defaultConfigurationName = Release;
		};
		9C6716BE2BAC78A900953004 /* Build configuration list for PBXNativeTarget "Seam" */ = {
			isa = XCConfigurationList;
			buildConfigurations = (
				9C6716BF2BAC78A900953004 /* Debug */,
				9C6716C02BAC78A900953004 /* Release */,
			);
			defaultConfigurationIsVisible = 0;
			defaultConfigurationName = Release;
		};
		9C6716C12BAC78A900953004 /* Build configuration list for PBXNativeTarget "SeamTests" */ = {
			isa = XCConfigurationList;
			buildConfigurations = (
				9C6716C22BAC78A900953004 /* Debug */,
				9C6716C32BAC78A900953004 /* Release */,
			);
			defaultConfigurationIsVisible = 0;
			defaultConfigurationName = Release;
		};
/* End XCConfigurationList section */
	};
	rootObject = 9C67168C2BAC78A700953004 /* Project object */;
}
